
Microsoft Visual Studio Solution File, Format Version 12.00
# Visual Studio Version 17
VisualStudioVersion = 17.7.34202.233
MinimumVisualStudioVersion = 10.0.40219.1
Project("{FAE04EC0-301F-11D3-BF4B-00C04F79EFBC}") = "jotihunt-api-cache", "jotihunt-api-cache.csproj", "{D8E8CFCE-4CB8-48FF-9EE0-118B48D2823F}"
EndProject
Global
	GlobalSection(SolutionConfigurationPlatforms) = preSolution
		Debug|Any CPU = Debug|Any CPU
		Release|Any CPU = Release|Any CPU
	EndGlobalSection
	GlobalSection(ProjectConfigurationPlatforms) = postSolution
		{D8E8CFCE-4CB8-48FF-9EE0-118B48D2823F}.Debug|Any CPU.ActiveCfg = Debug|Any CPU
		{D8E8CFCE-4CB8-48FF-9EE0-118B48D2823F}.Debug|Any CPU.Build.0 = Debug|Any CPU
		{D8E8CFCE-4CB8-48FF-9EE0-118B48D2823F}.Release|Any CPU.ActiveCfg = Release|Any CPU
		{D8E8CFCE-4CB8-48FF-9EE0-118B48D2823F}.Release|Any CPU.Build.0 = Release|Any CPU
	EndGlobalSection
	GlobalSection(SolutionProperties) = preSolution
		HideSolutionNode = FALSE
	EndGlobalSection
	GlobalSection(ExtensibilityGlobals) = postSolution
		SolutionGuid = {4EEFDAA0-85F8-42F7-981F-DA39686E89F7}
	EndGlobalSection
EndGlobal
